
Microsoft Visual Studio Solution File, Format Version 12.00
# Visual Studio Version 17
VisualStudioVersion = 17.3.32922.545
MinimumVisualStudioVersion = 10.0.40219.1
Project("{FAE04EC0-301F-11D3-BF4B-00C04F79EFBC}") = "Listen 26.01", "Listen 26.01\Listen 26.01.csproj", "{EC510F09-7C20-4D42-9C29-74F743C09A6A}"
EndProject
Global
	GlobalSection(SolutionConfigurationPlatforms) = preSolution
		Debug|Any CPU = Debug|Any CPU
		Release|Any CPU = Release|Any CPU
	EndGlobalSection
	GlobalSection(ProjectConfigurationPlatforms) = postSolution
		{EC510F09-7C20-4D42-9C29-74F743C09A6A}.Debug|Any CPU.ActiveCfg = Debug|Any CPU
		{EC510F09-7C20-4D42-9C29-74F743C09A6A}.Debug|Any CPU.Build.0 = Debug|Any CPU
		{EC510F09-7C20-4D42-9C29-74F743C09A6A}.Release|Any CPU.ActiveCfg = Release|Any CPU
		{EC510F09-7C20-4D42-9C29-74F743C09A6A}.Release|Any CPU.Build.0 = Release|Any CPU
	EndGlobalSection
	GlobalSection(SolutionProperties) = preSolution
		HideSolutionNode = FALSE
	EndGlobalSection
	GlobalSection(ExtensibilityGlobals) = postSolution
		SolutionGuid = {39E6A5B5-11FE-4E71-A81A-38F90DCE4FE9}
	EndGlobalSection
EndGlobal
